
Microsoft Visual Studio Solution File, Format Version 12.00
# Visual Studio Version 17
VisualStudioVersion = 17.5.33516.290
MinimumVisualStudioVersion = 10.0.40219.1
Project("{FAE04EC0-301F-11D3-BF4B-00C04F79EFBC}") = "fiturReview_ady", "fiturReview_ady\fiturReview_ady.csproj", "{45C12B4D-E91A-4607-98AC-EF4EA0AA2B5C}"
EndProject
Global
	GlobalSection(SolutionConfigurationPlatforms) = preSolution
		Debug|Any CPU = Debug|Any CPU
		Release|Any CPU = Release|Any CPU
	EndGlobalSection
	GlobalSection(ProjectConfigurationPlatforms) = postSolution
		{45C12B4D-E91A-4607-98AC-EF4EA0AA2B5C}.Debug|Any CPU.ActiveCfg = Debug|Any CPU
		{45C12B4D-E91A-4607-98AC-EF4EA0AA2B5C}.Debug|Any CPU.Build.0 = Debug|Any CPU
		{45C12B4D-E91A-4607-98AC-EF4EA0AA2B5C}.Release|Any CPU.ActiveCfg = Release|Any CPU
		{45C12B4D-E91A-4607-98AC-EF4EA0AA2B5C}.Release|Any CPU.Build.0 = Release|Any CPU
	EndGlobalSection
	GlobalSection(SolutionProperties) = preSolution
		HideSolutionNode = FALSE
	EndGlobalSection
	GlobalSection(ExtensibilityGlobals) = postSolution
		SolutionGuid = {948C9EA5-335F-4D96-8808-4FB13DE20A7C}
	EndGlobalSection
EndGlobal
